
Microsoft Visual Studio Solution File, Format Version 12.00
# Visual Studio 15
VisualStudioVersion = 15.0.26403.7
MinimumVisualStudioVersion = 10.0.40219.1
Project("{2150E333-8FDC-42A3-9474-1A3956D46DE8}") = "Solution Items", "Solution Items", "{B4C7E919-18B2-4239-AC62-BFC01A722A33}"
	ProjectSection(SolutionItems) = preProject
		DLLs\OpenTK.dll = DLLs\OpenTK.dll
		DLLs\OpenTK.GLControl.dll = DLLs\OpenTK.GLControl.dll
	EndProjectSection
EndProject
Project("{FAE04EC0-301F-11D3-BF4B-00C04F79EFBC}") = "Engineer.Draw", "Engineer.Draw\Engineer.Draw.csproj", "{CB524CC3-DDAD-4E7F-8112-253896A2857C}"
EndProject
Project("{FAE04EC0-301F-11D3-BF4B-00C04F79EFBC}") = "Engineer.Mathematics", "Engineer.Mathematics\Engineer.Mathematics.csproj", "{C808FAD5-1905-4463-8F73-D8F3BB19EEB6}"
EndProject
Project("{2150E333-8FDC-42A3-9474-1A3956D46DE8}") = "Engineer_Draw", "Engineer_Draw", "{87362F9D-79EB-4DBF-9675-7BD845676AD8}"
EndProject
Project("{2150E333-8FDC-42A3-9474-1A3956D46DE8}") = "Engineer", "Engineer", "{EB5EFF97-F476-4477-B46B-98A824A01F96}"
EndProject
Project("{2150E333-8FDC-42A3-9474-1A3956D46DE8}") = "Engineer_Data", "Engineer_Data", "{096144DF-7C41-4FFD-89A2-1A057F756C09}"
EndProject
Project("{FAE04EC0-301F-11D3-BF4B-00C04F79EFBC}") = "Engineer.Data", "Engineer.Data\Engineer.Data.csproj", "{27001881-9739-4D9F-8BBE-57AFD825996A}"
EndProject
Project("{FAE04EC0-301F-11D3-BF4B-00C04F79EFBC}") = "Engineer.IO", "Engineer.IO\Engineer.IO.csproj", "{E609EBC6-3B93-4386-A4A2-F96C00B376E7}"
EndProject
Project("{FAE04EC0-301F-11D3-BF4B-00C04F79EFBC}") = "Engineer.Draw.OpenGL", "Engineer.OpenGL\Engineer.Draw.OpenGL.csproj", "{71F8AAD9-38BC-4115-AEFB-350CCBF9D06F}"
EndProject
Project("{FAE04EC0-301F-11D3-BF4B-00C04F79EFBC}") = "Engineer.Engine", "Engineer.Engine\Engineer.Engine.csproj", "{EFB51F33-46A8-4367-A8A3-9E647CA6BBE7}"
EndProject
Project("{2150E333-8FDC-42A3-9474-1A3956D46DE8}") = "Lib", "Lib", "{E431A47F-FD4C-48D5-9C4B-810114B14DD8}"
	ProjectSection(SolutionItems) = preProject
		DLLs\OpenTK.dll = DLLs\OpenTK.dll
		DLLs\OpenTK.GLControl.dll = DLLs\OpenTK.GLControl.dll
	EndProjectSection
EndProject
Project("{FAE04EC0-301F-11D3-BF4B-00C04F79EFBC}") = "Engineer.Engine.IO", "Engineer.Engine.IO\Engineer.Engine.IO.csproj", "{F07EFD68-8268-436A-8917-95284792BAD5}"
EndProject
Project("{FAE04EC0-301F-11D3-BF4B-00C04F79EFBC}") = "Engineer.Engine.Physics", "Engineer.Engine.Physics\Engineer.Engine.Physics.csproj", "{E1479AE4-2040-4C81-998A-5D067EF5F70D}"
EndProject
Project("{FAE04EC0-301F-11D3-BF4B-00C04F79EFBC}") = "Engineer.Runner", "Engineer.Runner\Engineer.Runner.csproj", "{938502D1-1B08-480A-B631-BCAB1E67A298}"
EndProject
Project("{FAE04EC0-301F-11D3-BF4B-00C04F79EFBC}") = "Engineer.Project", "Engineer.Project\Engineer.Project.csproj", "{8828984F-BB1E-4071-A075-DC648E3AE849}"
EndProject
Global
	GlobalSection(SolutionConfigurationPlatforms) = preSolution
		Debug|Any CPU = Debug|Any CPU
		Debug|ARM = Debug|ARM
		Debug|x64 = Debug|x64
		Debug|x86 = Debug|x86
		Release|Any CPU = Release|Any CPU
		Release|ARM = Release|ARM
		Release|x64 = Release|x64
		Release|x86 = Release|x86
	EndGlobalSection
	GlobalSection(ProjectConfigurationPlatforms) = postSolution
		{CB524CC3-DDAD-4E7F-8112-253896A2857C}.Debug|Any CPU.ActiveCfg = Debug|Any CPU
		{CB524CC3-DDAD-4E7F-8112-253896A2857C}.Debug|Any CPU.Build.0 = Debug|Any CPU
		{CB524CC3-DDAD-4E7F-8112-253896A2857C}.Debug|ARM.ActiveCfg = Debug|Any CPU
		{CB524CC3-DDAD-4E7F-8112-253896A2857C}.Debug|ARM.Build.0 = Debug|Any CPU
		{CB524CC3-DDAD-4E7F-8112-253896A2857C}.Debug|x64.ActiveCfg = Debug|Any CPU
		{CB524CC3-DDAD-4E7F-8112-253896A2857C}.Debug|x64.Build.0 = Debug|Any CPU
		{CB524CC3-DDAD-4E7F-8112-253896A2857C}.Debug|x86.ActiveCfg = Debug|Any CPU
		{CB524CC3-DDAD-4E7F-8112-253896A2857C}.Debug|x86.Build.0 = Debug|Any CPU
		{CB524CC3-DDAD-4E7F-8112-253896A2857C}.Release|Any CPU.ActiveCfg = Release|Any CPU
		{CB524CC3-DDAD-4E7F-8112-253896A2857C}.Release|Any CPU.Build.0 = Release|Any CPU
		{CB524CC3-DDAD-4E7F-8112-253896A2857C}.Release|ARM.ActiveCfg = Release|Any CPU
		{CB524CC3-DDAD-4E7F-8112-253896A2857C}.Release|ARM.Build.0 = Release|Any CPU
		{CB524CC3-DDAD-4E7F-8112-253896A2857C}.Release|x64.ActiveCfg = Release|Any CPU
		{CB524CC3-DDAD-4E7F-8112-253896A2857C}.Release|x64.Build.0 = Release|Any CPU
		{CB524CC3-DDAD-4E7F-8112-253896A2857C}.Release|x86.ActiveCfg = Release|Any CPU
		{CB524CC3-DDAD-4E7F-8112-253896A2857C}.Release|x86.Build.0 = Release|Any CPU
		{C808FAD5-1905-4463-8F73-D8F3BB19EEB6}.Debug|Any CPU.ActiveCfg = Debug|Any CPU
		{C808FAD5-1905-4463-8F73-D8F3BB19EEB6}.Debug|Any CPU.Build.0 = Debug|Any CPU
		{C808FAD5-1905-4463-8F73-D8F3BB19EEB6}.Debug|ARM.ActiveCfg = Debug|Any CPU
		{C808FAD5-1905-4463-8F73-D8F3BB19EEB6}.Debug|ARM.Build.0 = Debug|Any CPU
		{C808FAD5-1905-4463-8F73-D8F3BB19EEB6}.Debug|x64.ActiveCfg = Debug|Any CPU
		{C808FAD5-1905-4463-8F73-D8F3BB19EEB6}.Debug|x64.Build.0 = Debug|Any CPU
		{C808FAD5-1905-4463-8F73-D8F3BB19EEB6}.Debug|x86.ActiveCfg = Debug|Any CPU
		{C808FAD5-1905-4463-8F73-D8F3BB19EEB6}.Debug|x86.Build.0 = Debug|Any CPU
		{C808FAD5-1905-4463-8F73-D8F3BB19EEB6}.Release|Any CPU.ActiveCfg = Release|Any CPU
		{C808FAD5-1905-4463-8F73-D8F3BB19EEB6}.Release|Any CPU.Build.0 = Release|Any CPU
		{C808FAD5-1905-4463-8F73-D8F3BB19EEB6}.Release|ARM.ActiveCfg = Release|Any CPU
		{C808FAD5-1905-4463-8F73-D8F3BB19EEB6}.Release|ARM.Build.0 = Release|Any CPU
		{C808FAD5-1905-4463-8F73-D8F3BB19EEB6}.Release|x64.ActiveCfg = Release|Any CPU
		{C808FAD5-1905-4463-8F73-D8F3BB19EEB6}.Release|x64.Build.0 = Release|Any CPU
		{C808FAD5-1905-4463-8F73-D8F3BB19EEB6}.Release|x86.ActiveCfg = Release|Any CPU
		{C808FAD5-1905-4463-8F73-D8F3BB19EEB6}.Release|x86.Build.0 = Release|Any CPU
		{27001881-9739-4D9F-8BBE-57AFD825996A}.Debug|Any CPU.ActiveCfg = Debug|Any CPU
		{27001881-9739-4D9F-8BBE-57AFD825996A}.Debug|Any CPU.Build.0 = Debug|Any CPU
		{27001881-9739-4D9F-8BBE-57AFD825996A}.Debug|ARM.ActiveCfg = Debug|Any CPU
		{27001881-9739-4D9F-8BBE-57AFD825996A}.Debug|ARM.Build.0 = Debug|Any CPU
		{27001881-9739-4D9F-8BBE-57AFD825996A}.Debug|x64.ActiveCfg = Debug|Any CPU
		{27001881-9739-4D9F-8BBE-57AFD825996A}.Debug|x64.Build.0 = Debug|Any CPU
		{27001881-9739-4D9F-8BBE-57AFD825996A}.Debug|x86.ActiveCfg = Debug|Any CPU
		{27001881-9739-4D9F-8BBE-57AFD825996A}.Debug|x86.Build.0 = Debug|Any CPU
		{27001881-9739-4D9F-8BBE-57AFD825996A}.Release|Any CPU.ActiveCfg = Release|Any CPU
		{27001881-9739-4D9F-8BBE-57AFD825996A}.Release|Any CPU.Build.0 = Release|Any CPU
		{27001881-9739-4D9F-8BBE-57AFD825996A}.Release|ARM.ActiveCfg = Release|Any CPU
		{27001881-9739-4D9F-8BBE-57AFD825996A}.Release|ARM.Build.0 = Release|Any CPU
		{27001881-9739-4D9F-8BBE-57AFD825996A}.Release|x64.ActiveCfg = Release|Any CPU
		{27001881-9739-4D9F-8BBE-57AFD825996A}.Release|x64.Build.0 = Release|Any CPU
		{27001881-9739-4D9F-8BBE-57AFD825996A}.Release|x86.ActiveCfg = Release|Any CPU
		{27001881-9739-4D9F-8BBE-57AFD825996A}.Release|x86.Build.0 = Release|Any CPU
		{E609EBC6-3B93-4386-A4A2-F96C00B376E7}.Debug|Any CPU.ActiveCfg = Debug|Any CPU
		{E609EBC6-3B93-4386-A4A2-F96C00B376E7}.Debug|Any CPU.Build.0 = Debug|Any CPU
		{E609EBC6-3B93-4386-A4A2-F96C00B376E7}.Debug|ARM.ActiveCfg = Debug|Any CPU
		{E609EBC6-3B93-4386-A4A2-F96C00B376E7}.Debug|ARM.Build.0 = Debug|Any CPU
		{E609EBC6-3B93-4386-A4A2-F96C00B376E7}.Debug|x64.ActiveCfg = Debug|Any CPU
		{E609EBC6-3B93-4386-A4A2-F96C00B376E7}.Debug|x64.Build.0 = Debug|Any CPU
		{E609EBC6-3B93-4386-A4A2-F96C00B376E7}.Debug|x86.ActiveCfg = Debug|Any CPU
		{E609EBC6-3B93-4386-A4A2-F96C00B376E7}.Debug|x86.Build.0 = Debug|Any CPU
		{E609EBC6-3B93-4386-A4A2-F96C00B376E7}.Release|Any CPU.ActiveCfg = Release|Any CPU
		{E609EBC6-3B93-4386-A4A2-F96C00B376E7}.Release|Any CPU.Build.0 = Release|Any CPU
		{E609EBC6-3B93-4386-A4A2-F96C00B376E7}.Release|ARM.ActiveCfg = Release|Any CPU
		{E609EBC6-3B93-4386-A4A2-F96C00B376E7}.Release|ARM.Build.0 = Release|Any CPU
		{E609EBC6-3B93-4386-A4A2-F96C00B376E7}.Release|x64.ActiveCfg = Release|Any CPU
		{E609EBC6-3B93-4386-A4A2-F96C00B376E7}.Release|x64.Build.0 = Release|Any CPU
		{E609EBC6-3B93-4386-A4A2-F96C00B376E7}.Release|x86.ActiveCfg = Release|Any CPU
		{E609EBC6-3B93-4386-A4A2-F96C00B376E7}.Release|x86.Build.0 = Release|Any CPU
		{71F8AAD9-38BC-4115-AEFB-350CCBF9D06F}.Debug|Any CPU.ActiveCfg = Debug|Any CPU
		{71F8AAD9-38BC-4115-AEFB-350CCBF9D06F}.Debug|Any CPU.Build.0 = Debug|Any CPU
		{71F8AAD9-38BC-4115-AEFB-350CCBF9D06F}.Debug|ARM.ActiveCfg = Debug|Any CPU
		{71F8AAD9-38BC-4115-AEFB-350CCBF9D06F}.Debug|ARM.Build.0 = Debug|Any CPU
		{71F8AAD9-38BC-4115-AEFB-350CCBF9D06F}.Debug|x64.ActiveCfg = Debug|Any CPU
		{71F8AAD9-38BC-4115-AEFB-350CCBF9D06F}.Debug|x64.Build.0 = Debug|Any CPU
		{71F8AAD9-38BC-4115-AEFB-350CCBF9D06F}.Debug|x86.ActiveCfg = Debug|Any CPU
		{71F8AAD9-38BC-4115-AEFB-350CCBF9D06F}.Debug|x86.Build.0 = Debug|Any CPU
		{71F8AAD9-38BC-4115-AEFB-350CCBF9D06F}.Release|Any CPU.ActiveCfg = Release|Any CPU
		{71F8AAD9-38BC-4115-AEFB-350CCBF9D06F}.Release|Any CPU.Build.0 = Release|Any CPU
		{71F8AAD9-38BC-4115-AEFB-350CCBF9D06F}.Release|ARM.ActiveCfg = Release|Any CPU
		{71F8AAD9-38BC-4115-AEFB-350CCBF9D06F}.Release|ARM.Build.0 = Release|Any CPU
		{71F8AAD9-38BC-4115-AEFB-350CCBF9D06F}.Release|x64.ActiveCfg = Release|Any CPU
		{71F8AAD9-38BC-4115-AEFB-350CCBF9D06F}.Release|x64.Build.0 = Release|Any CPU
		{71F8AAD9-38BC-4115-AEFB-350CCBF9D06F}.Release|x86.ActiveCfg = Release|Any CPU
		{71F8AAD9-38BC-4115-AEFB-350CCBF9D06F}.Release|x86.Build.0 = Release|Any CPU
		{EFB51F33-46A8-4367-A8A3-9E647CA6BBE7}.Debug|Any CPU.ActiveCfg = Debug|Any CPU
		{EFB51F33-46A8-4367-A8A3-9E647CA6BBE7}.Debug|Any CPU.Build.0 = Debug|Any CPU
		{EFB51F33-46A8-4367-A8A3-9E647CA6BBE7}.Debug|ARM.ActiveCfg = Debug|Any CPU
		{EFB51F33-46A8-4367-A8A3-9E647CA6BBE7}.Debug|ARM.Build.0 = Debug|Any CPU
		{EFB51F33-46A8-4367-A8A3-9E647CA6BBE7}.Debug|x64.ActiveCfg = Debug|Any CPU
		{EFB51F33-46A8-4367-A8A3-9E647CA6BBE7}.Debug|x64.Build.0 = Debug|Any CPU
		{EFB51F33-46A8-4367-A8A3-9E647CA6BBE7}.Debug|x86.ActiveCfg = Debug|Any CPU
		{EFB51F33-46A8-4367-A8A3-9E647CA6BBE7}.Debug|x86.Build.0 = Debug|Any CPU
		{EFB51F33-46A8-4367-A8A3-9E647CA6BBE7}.Release|Any CPU.ActiveCfg = Release|Any CPU
		{EFB51F33-46A8-4367-A8A3-9E647CA6BBE7}.Release|Any CPU.Build.0 = Release|Any CPU
		{EFB51F33-46A8-4367-A8A3-9E647CA6BBE7}.Release|ARM.ActiveCfg = Release|Any CPU
		{EFB51F33-46A8-4367-A8A3-9E647CA6BBE7}.Release|ARM.Build.0 = Release|Any CPU
		{EFB51F33-46A8-4367-A8A3-9E647CA6BBE7}.Release|x64.ActiveCfg = Release|Any CPU
		{EFB51F33-46A8-4367-A8A3-9E647CA6BBE7}.Release|x64.Build.0 = Release|Any CPU
		{EFB51F33-46A8-4367-A8A3-9E647CA6BBE7}.Release|x86.ActiveCfg = Release|Any CPU
		{EFB51F33-46A8-4367-A8A3-9E647CA6BBE7}.Release|x86.Build.0 = Release|Any CPU
		{F07EFD68-8268-436A-8917-95284792BAD5}.Debug|Any CPU.ActiveCfg = Debug|Any CPU
		{F07EFD68-8268-436A-8917-95284792BAD5}.Debug|Any CPU.Build.0 = Debug|Any CPU
		{F07EFD68-8268-436A-8917-95284792BAD5}.Debug|ARM.ActiveCfg = Debug|Any CPU
		{F07EFD68-8268-436A-8917-95284792BAD5}.Debug|ARM.Build.0 = Debug|Any CPU
		{F07EFD68-8268-436A-8917-95284792BAD5}.Debug|x64.ActiveCfg = Debug|Any CPU
		{F07EFD68-8268-436A-8917-95284792BAD5}.Debug|x64.Build.0 = Debug|Any CPU
		{F07EFD68-8268-436A-8917-95284792BAD5}.Debug|x86.ActiveCfg = Debug|Any CPU
		{F07EFD68-8268-436A-8917-95284792BAD5}.Debug|x86.Build.0 = Debug|Any CPU
		{F07EFD68-8268-436A-8917-95284792BAD5}.Release|Any CPU.ActiveCfg = Release|Any CPU
		{F07EFD68-8268-436A-8917-95284792BAD5}.Release|Any CPU.Build.0 = Release|Any CPU
		{F07EFD68-8268-436A-8917-95284792BAD5}.Release|ARM.ActiveCfg = Release|Any CPU
		{F07EFD68-8268-436A-8917-95284792BAD5}.Release|ARM.Build.0 = Release|Any CPU
		{F07EFD68-8268-436A-8917-95284792BAD5}.Release|x64.ActiveCfg = Release|Any CPU
		{F07EFD68-8268-436A-8917-95284792BAD5}.Release|x64.Build.0 = Release|Any CPU
		{F07EFD68-8268-436A-8917-95284792BAD5}.Release|x86.ActiveCfg = Release|Any CPU
		{F07EFD68-8268-436A-8917-95284792BAD5}.Release|x86.Build.0 = Release|Any CPU
		{E1479AE4-2040-4C81-998A-5D067EF5F70D}.Debug|Any CPU.ActiveCfg = Debug|Any CPU
		{E1479AE4-2040-4C81-998A-5D067EF5F70D}.Debug|Any CPU.Build.0 = Debug|Any CPU
		{E1479AE4-2040-4C81-998A-5D067EF5F70D}.Debug|ARM.ActiveCfg = Debug|Any CPU
		{E1479AE4-2040-4C81-998A-5D067EF5F70D}.Debug|ARM.Build.0 = Debug|Any CPU
		{E1479AE4-2040-4C81-998A-5D067EF5F70D}.Debug|x64.ActiveCfg = Debug|Any CPU
		{E1479AE4-2040-4C81-998A-5D067EF5F70D}.Debug|x64.Build.0 = Debug|Any CPU
		{E1479AE4-2040-4C81-998A-5D067EF5F70D}.Debug|x86.ActiveCfg = Debug|Any CPU
		{E1479AE4-2040-4C81-998A-5D067EF5F70D}.Debug|x86.Build.0 = Debug|Any CPU
		{E1479AE4-2040-4C81-998A-5D067EF5F70D}.Release|Any CPU.ActiveCfg = Release|Any CPU
		{E1479AE4-2040-4C81-998A-5D067EF5F70D}.Release|Any CPU.Build.0 = Release|Any CPU
		{E1479AE4-2040-4C81-998A-5D067EF5F70D}.Release|ARM.ActiveCfg = Release|Any CPU
		{E1479AE4-2040-4C81-998A-5D067EF5F70D}.Release|ARM.Build.0 = Release|Any CPU
		{E1479AE4-2040-4C81-998A-5D067EF5F70D}.Release|x64.ActiveCfg = Release|Any CPU
		{E1479AE4-2040-4C81-998A-5D067EF5F70D}.Release|x64.Build.0 = Release|Any CPU
		{E1479AE4-2040-4C81-998A-5D067EF5F70D}.Release|x86.ActiveCfg = Release|Any CPU
		{E1479AE4-2040-4C81-998A-5D067EF5F70D}.Release|x86.Build.0 = Release|Any CPU
		{938502D1-1B08-480A-B631-BCAB1E67A298}.Debug|Any CPU.ActiveCfg = Debug|Any CPU
		{938502D1-1B08-480A-B631-BCAB1E67A298}.Debug|Any CPU.Build.0 = Debug|Any CPU
		{938502D1-1B08-480A-B631-BCAB1E67A298}.Debug|ARM.ActiveCfg = Debug|Any CPU
		{938502D1-1B08-480A-B631-BCAB1E67A298}.Debug|ARM.Build.0 = Debug|Any CPU
		{938502D1-1B08-480A-B631-BCAB1E67A298}.Debug|x64.ActiveCfg = Debug|Any CPU
		{938502D1-1B08-480A-B631-BCAB1E67A298}.Debug|x64.Build.0 = Debug|Any CPU
		{938502D1-1B08-480A-B631-BCAB1E67A298}.Debug|x86.ActiveCfg = Debug|Any CPU
		{938502D1-1B08-480A-B631-BCAB1E67A298}.Debug|x86.Build.0 = Debug|Any CPU
		{938502D1-1B08-480A-B631-BCAB1E67A298}.Release|Any CPU.ActiveCfg = Release|Any CPU
		{938502D1-1B08-480A-B631-BCAB1E67A298}.Release|Any CPU.Build.0 = Release|Any CPU
		{938502D1-1B08-480A-B631-BCAB1E67A298}.Release|ARM.ActiveCfg = Release|Any CPU
		{938502D1-1B08-480A-B631-BCAB1E67A298}.Release|ARM.Build.0 = Release|Any CPU
		{938502D1-1B08-480A-B631-BCAB1E67A298}.Release|x64.ActiveCfg = Release|Any CPU
		{938502D1-1B08-480A-B631-BCAB1E67A298}.Release|x64.Build.0 = Release|Any CPU
		{938502D1-1B08-480A-B631-BCAB1E67A298}.Release|x86.ActiveCfg = Release|Any CPU
		{938502D1-1B08-480A-B631-BCAB1E67A298}.Release|x86.Build.0 = Release|Any CPU
		{8828984F-BB1E-4071-A075-DC648E3AE849}.Debug|Any CPU.ActiveCfg = Debug|Any CPU
		{8828984F-BB1E-4071-A075-DC648E3AE849}.Debug|Any CPU.Build.0 = Debug|Any CPU
		{8828984F-BB1E-4071-A075-DC648E3AE849}.Debug|ARM.ActiveCfg = Debug|Any CPU
		{8828984F-BB1E-4071-A075-DC648E3AE849}.Debug|ARM.Build.0 = Debug|Any CPU
		{8828984F-BB1E-4071-A075-DC648E3AE849}.Debug|x64.ActiveCfg = Debug|Any CPU
		{8828984F-BB1E-4071-A075-DC648E3AE849}.Debug|x64.Build.0 = Debug|Any CPU
		{8828984F-BB1E-4071-A075-DC648E3AE849}.Debug|x86.ActiveCfg = Debug|Any CPU
		{8828984F-BB1E-4071-A075-DC648E3AE849}.Debug|x86.Build.0 = Debug|Any CPU
		{8828984F-BB1E-4071-A075-DC648E3AE849}.Release|Any CPU.ActiveCfg = Release|Any CPU
		{8828984F-BB1E-4071-A075-DC648E3AE849}.Release|Any CPU.Build.0 = Release|Any CPU
		{8828984F-BB1E-4071-A075-DC648E3AE849}.Release|ARM.ActiveCfg = Release|Any CPU
		{8828984F-BB1E-4071-A075-DC648E3AE849}.Release|ARM.Build.0 = Release|Any CPU
		{8828984F-BB1E-4071-A075-DC648E3AE849}.Release|x64.ActiveCfg = Release|Any CPU
		{8828984F-BB1E-4071-A075-DC648E3AE849}.Release|x64.Build.0 = Release|Any CPU
		{8828984F-BB1E-4071-A075-DC648E3AE849}.Release|x86.ActiveCfg = Release|Any CPU
		{8828984F-BB1E-4071-A075-DC648E3AE849}.Release|x86.Build.0 = Release|Any CPU
	EndGlobalSection
	GlobalSection(SolutionProperties) = preSolution
		HideSolutionNode = FALSE
	EndGlobalSection
	GlobalSection(NestedProjects) = preSolution
		{CB524CC3-DDAD-4E7F-8112-253896A2857C} = {87362F9D-79EB-4DBF-9675-7BD845676AD8}
		{C808FAD5-1905-4463-8F73-D8F3BB19EEB6} = {096144DF-7C41-4FFD-89A2-1A057F756C09}
		{27001881-9739-4D9F-8BBE-57AFD825996A} = {096144DF-7C41-4FFD-89A2-1A057F756C09}
		{E609EBC6-3B93-4386-A4A2-F96C00B376E7} = {096144DF-7C41-4FFD-89A2-1A057F756C09}
		{71F8AAD9-38BC-4115-AEFB-350CCBF9D06F} = {87362F9D-79EB-4DBF-9675-7BD845676AD8}
		{EFB51F33-46A8-4367-A8A3-9E647CA6BBE7} = {EB5EFF97-F476-4477-B46B-98A824A01F96}
		{F07EFD68-8268-436A-8917-95284792BAD5} = {EB5EFF97-F476-4477-B46B-98A824A01F96}
		{E1479AE4-2040-4C81-998A-5D067EF5F70D} = {EB5EFF97-F476-4477-B46B-98A824A01F96}
		{938502D1-1B08-480A-B631-BCAB1E67A298} = {EB5EFF97-F476-4477-B46B-98A824A01F96}
	EndGlobalSection
EndGlobal
